<Solution>
  <Folder Name="/ejercicio31/">
    <Project Path="TRIANGULAR INFERIOR DE UNA MATRIZ/TRIANGULAR INFERIOR DE UNA MATRIZ.csproj" Id="d928f7f8-1080-4fa7-a682-413bdb260709" />
  </Folder>
  <Folder Name="/ejercicio34/">
    <Project Path="MULTIPLICACIÓN DE MATRICES/MULTIPLICACIÓN DE MATRICES.csproj" Id="2dce301c-2cbd-4be5-87db-381f8da44395" />
  </Folder>
</Solution>
